
Microsoft Visual Studio Solution File, Format Version 12.00
# Visual Studio Version 17
VisualStudioVersion = 17.7.34024.191
MinimumVisualStudioVersion = 10.0.40219.1
Project("{8BC9CEB8-8B4A-11D0-8D11-00A0C91BC942}") = "lab 0.0", "lab 0.0\lab 0.0.vcxproj", "{0A7BD4A6-E903-46A9-9D42-3288CF1DE57A}"
EndProject
Project("{8BC9CEB8-8B4A-11D0-8D11-00A0C91BC942}") = "lab 0.1", "lab 0.1\lab 0.1.vcxproj", "{1FCACA12-CE7F-4EE2-8986-47646E27D532}"
EndProject
Global
	GlobalSection(SolutionConfigurationPlatforms) = preSolution
		Debug|x64 = Debug|x64
		Debug|x86 = Debug|x86
		Release|x64 = Release|x64
		Release|x86 = Release|x86
	EndGlobalSection
	GlobalSection(ProjectConfigurationPlatforms) = postSolution
		{0A7BD4A6-E903-46A9-9D42-3288CF1DE57A}.Debug|x64.ActiveCfg = Debug|x64
		{0A7BD4A6-E903-46A9-9D42-3288CF1DE57A}.Debug|x64.Build.0 = Debug|x64
		{0A7BD4A6-E903-46A9-9D42-3288CF1DE57A}.Debug|x86.ActiveCfg = Debug|Win32
		{0A7BD4A6-E903-46A9-9D42-3288CF1DE57A}.Debug|x86.Build.0 = Debug|Win32
		{0A7BD4A6-E903-46A9-9D42-3288CF1DE57A}.Release|x64.ActiveCfg = Release|x64
		{0A7BD4A6-E903-46A9-9D42-3288CF1DE57A}.Release|x64.Build.0 = Release|x64
		{0A7BD4A6-E903-46A9-9D42-3288CF1DE57A}.Release|x86.ActiveCfg = Release|Win32
		{0A7BD4A6-E903-46A9-9D42-3288CF1DE57A}.Release|x86.Build.0 = Release|Win32
		{1FCACA12-CE7F-4EE2-8986-47646E27D532}.Debug|x64.ActiveCfg = Debug|x64
		{1FCACA12-CE7F-4EE2-8986-47646E27D532}.Debug|x64.Build.0 = Debug|x64
		{1FCACA12-CE7F-4EE2-8986-47646E27D532}.Debug|x86.ActiveCfg = Debug|Win32
		{1FCACA12-CE7F-4EE2-8986-47646E27D532}.Debug|x86.Build.0 = Debug|Win32
		{1FCACA12-CE7F-4EE2-8986-47646E27D532}.Release|x64.ActiveCfg = Release|x64
		{1FCACA12-CE7F-4EE2-8986-47646E27D532}.Release|x64.Build.0 = Release|x64
		{1FCACA12-CE7F-4EE2-8986-47646E27D532}.Release|x86.ActiveCfg = Release|Win32
		{1FCACA12-CE7F-4EE2-8986-47646E27D532}.Release|x86.Build.0 = Release|Win32
	EndGlobalSection
	GlobalSection(SolutionProperties) = preSolution
		HideSolutionNode = FALSE
	EndGlobalSection
	GlobalSection(ExtensibilityGlobals) = postSolution
		SolutionGuid = {4CD13921-8A80-47E1-ADEA-90CB11A2839A}
	EndGlobalSection
EndGlobal
